
Microsoft Visual Studio Solution File, Format Version 11.00
# Visual Studio 2010
Project("{FAE04EC0-301F-11D3-BF4B-00C04F79EFBC}") = "GeckoboardReport_VEE", "GeckobardReport_VEE\GeckoboardReport_VEE.csproj", "{57CF2C84-63E2-4464-97D7-E75175FEB874}"
EndProject
Project("{FAE04EC0-301F-11D3-BF4B-00C04F79EFBC}") = "GeckobardReport_DTF", "GeckoboardReport_DTF\GeckobardReport_DTF.csproj", "{B5D5D8EE-E865-42E9-825C-51DAC47B74F8}"
EndProject
Project("{FAE04EC0-301F-11D3-BF4B-00C04F79EFBC}") = "GeckoboardReport_iTest", "GeckoboardReport_iTest\GeckoboardReport_iTest.csproj", "{3F1F748D-0497-41AB-BED2-F59A250494DC}"
EndProject
Project("{FAE04EC0-301F-11D3-BF4B-00C04F79EFBC}") = "ECSUser", "ECSUser\ECSUser.csproj", "{CAF32352-5DA8-47A8-98C3-1BEAAA521587}"
EndProject
Project("{FAE04EC0-301F-11D3-BF4B-00C04F79EFBC}") = "JsonGenerator", "JsonGenerator\JsonGenerator.csproj", "{8F5A3442-A1D3-4F1D-AADE-D76737F22067}"
EndProject
Global
	GlobalSection(SolutionConfigurationPlatforms) = preSolution
		Debug|Any CPU = Debug|Any CPU
		Debug|Mixed Platforms = Debug|Mixed Platforms
		Debug|x86 = Debug|x86
		Release|Any CPU = Release|Any CPU
		Release|Mixed Platforms = Release|Mixed Platforms
		Release|x86 = Release|x86
	EndGlobalSection
	GlobalSection(ProjectConfigurationPlatforms) = postSolution
		{57CF2C84-63E2-4464-97D7-E75175FEB874}.Debug|Any CPU.ActiveCfg = Debug|x86
		{57CF2C84-63E2-4464-97D7-E75175FEB874}.Debug|Mixed Platforms.ActiveCfg = Debug|x86
		{57CF2C84-63E2-4464-97D7-E75175FEB874}.Debug|Mixed Platforms.Build.0 = Debug|x86
		{57CF2C84-63E2-4464-97D7-E75175FEB874}.Debug|x86.ActiveCfg = Debug|x86
		{57CF2C84-63E2-4464-97D7-E75175FEB874}.Debug|x86.Build.0 = Debug|x86
		{57CF2C84-63E2-4464-97D7-E75175FEB874}.Release|Any CPU.ActiveCfg = Release|x86
		{57CF2C84-63E2-4464-97D7-E75175FEB874}.Release|Mixed Platforms.ActiveCfg = Release|x86
		{57CF2C84-63E2-4464-97D7-E75175FEB874}.Release|Mixed Platforms.Build.0 = Release|x86
		{57CF2C84-63E2-4464-97D7-E75175FEB874}.Release|x86.ActiveCfg = Release|x86
		{57CF2C84-63E2-4464-97D7-E75175FEB874}.Release|x86.Build.0 = Release|x86
		{B5D5D8EE-E865-42E9-825C-51DAC47B74F8}.Debug|Any CPU.ActiveCfg = Debug|x86
		{B5D5D8EE-E865-42E9-825C-51DAC47B74F8}.Debug|Mixed Platforms.ActiveCfg = Debug|x86
		{B5D5D8EE-E865-42E9-825C-51DAC47B74F8}.Debug|Mixed Platforms.Build.0 = Debug|x86
		{B5D5D8EE-E865-42E9-825C-51DAC47B74F8}.Debug|x86.ActiveCfg = Debug|x86
		{B5D5D8EE-E865-42E9-825C-51DAC47B74F8}.Debug|x86.Build.0 = Debug|x86
		{B5D5D8EE-E865-42E9-825C-51DAC47B74F8}.Release|Any CPU.ActiveCfg = Release|x86
		{B5D5D8EE-E865-42E9-825C-51DAC47B74F8}.Release|Mixed Platforms.ActiveCfg = Release|x86
		{B5D5D8EE-E865-42E9-825C-51DAC47B74F8}.Release|Mixed Platforms.Build.0 = Release|x86
		{B5D5D8EE-E865-42E9-825C-51DAC47B74F8}.Release|x86.ActiveCfg = Release|x86
		{B5D5D8EE-E865-42E9-825C-51DAC47B74F8}.Release|x86.Build.0 = Release|x86
		{3F1F748D-0497-41AB-BED2-F59A250494DC}.Debug|Any CPU.ActiveCfg = Debug|x86
		{3F1F748D-0497-41AB-BED2-F59A250494DC}.Debug|Mixed Platforms.ActiveCfg = Debug|x86
		{3F1F748D-0497-41AB-BED2-F59A250494DC}.Debug|Mixed Platforms.Build.0 = Debug|x86
		{3F1F748D-0497-41AB-BED2-F59A250494DC}.Debug|x86.ActiveCfg = Debug|x86
		{3F1F748D-0497-41AB-BED2-F59A250494DC}.Debug|x86.Build.0 = Debug|x86
		{3F1F748D-0497-41AB-BED2-F59A250494DC}.Release|Any CPU.ActiveCfg = Release|x86
		{3F1F748D-0497-41AB-BED2-F59A250494DC}.Release|Mixed Platforms.ActiveCfg = Release|x86
		{3F1F748D-0497-41AB-BED2-F59A250494DC}.Release|Mixed Platforms.Build.0 = Release|x86
		{3F1F748D-0497-41AB-BED2-F59A250494DC}.Release|x86.ActiveCfg = Release|x86
		{3F1F748D-0497-41AB-BED2-F59A250494DC}.Release|x86.Build.0 = Release|x86
		{CAF32352-5DA8-47A8-98C3-1BEAAA521587}.Debug|Any CPU.ActiveCfg = Debug|x86
		{CAF32352-5DA8-47A8-98C3-1BEAAA521587}.Debug|Mixed Platforms.ActiveCfg = Debug|x86
		{CAF32352-5DA8-47A8-98C3-1BEAAA521587}.Debug|Mixed Platforms.Build.0 = Debug|x86
		{CAF32352-5DA8-47A8-98C3-1BEAAA521587}.Debug|x86.ActiveCfg = Debug|x86
		{CAF32352-5DA8-47A8-98C3-1BEAAA521587}.Debug|x86.Build.0 = Debug|x86
		{CAF32352-5DA8-47A8-98C3-1BEAAA521587}.Release|Any CPU.ActiveCfg = Release|x86
		{CAF32352-5DA8-47A8-98C3-1BEAAA521587}.Release|Mixed Platforms.ActiveCfg = Release|x86
		{CAF32352-5DA8-47A8-98C3-1BEAAA521587}.Release|Mixed Platforms.Build.0 = Release|x86
		{CAF32352-5DA8-47A8-98C3-1BEAAA521587}.Release|x86.ActiveCfg = Release|x86
		{CAF32352-5DA8-47A8-98C3-1BEAAA521587}.Release|x86.Build.0 = Release|x86
		{8F5A3442-A1D3-4F1D-AADE-D76737F22067}.Debug|Any CPU.ActiveCfg = Debug|Any CPU
		{8F5A3442-A1D3-4F1D-AADE-D76737F22067}.Debug|Any CPU.Build.0 = Debug|Any CPU
		{8F5A3442-A1D3-4F1D-AADE-D76737F22067}.Debug|Mixed Platforms.ActiveCfg = Debug|Any CPU
		{8F5A3442-A1D3-4F1D-AADE-D76737F22067}.Debug|Mixed Platforms.Build.0 = Debug|Any CPU
		{8F5A3442-A1D3-4F1D-AADE-D76737F22067}.Debug|x86.ActiveCfg = Debug|Any CPU
		{8F5A3442-A1D3-4F1D-AADE-D76737F22067}.Release|Any CPU.ActiveCfg = Release|Any CPU
		{8F5A3442-A1D3-4F1D-AADE-D76737F22067}.Release|Any CPU.Build.0 = Release|Any CPU
		{8F5A3442-A1D3-4F1D-AADE-D76737F22067}.Release|Mixed Platforms.ActiveCfg = Release|Any CPU
		{8F5A3442-A1D3-4F1D-AADE-D76737F22067}.Release|Mixed Platforms.Build.0 = Release|Any CPU
		{8F5A3442-A1D3-4F1D-AADE-D76737F22067}.Release|x86.ActiveCfg = Release|Any CPU
	EndGlobalSection
	GlobalSection(SolutionProperties) = preSolution
		HideSolutionNode = FALSE
	EndGlobalSection
EndGlobal
